
Microsoft Visual Studio Solution File, Format Version 12.00
# Visual Studio 15
VisualStudioVersion = 15.0.28307.645
MinimumVisualStudioVersion = 10.0.40219.1
Project("{FAE04EC0-301F-11D3-BF4B-00C04F79EFBC}") = "WLogger", "WLogger\WLogger.csproj", "{3FE6734C-4F41-499A-8232-E5EC4C2F72AE}"
EndProject
Project("{FAE04EC0-301F-11D3-BF4B-00C04F79EFBC}") = "ReceiversTest", "ReceiversTest\ReceiversTest.csproj", "{7A612BE5-0C9B-448F-9313-A73B1925DCF4}"
EndProject
Project("{9A19103F-16F7-4668-BE54-9A1E7A4F7556}") = "MessageTests", "WLoggerTesting\MessageTests.csproj", "{AFC557C4-1811-4510-907C-3B57A302AA73}"
EndProject
Global
	GlobalSection(SolutionConfigurationPlatforms) = preSolution
		Debug|Any CPU = Debug|Any CPU
		Release|Any CPU = Release|Any CPU
	EndGlobalSection
	GlobalSection(ProjectConfigurationPlatforms) = postSolution
		{3FE6734C-4F41-499A-8232-E5EC4C2F72AE}.Debug|Any CPU.ActiveCfg = Debug|Any CPU
		{3FE6734C-4F41-499A-8232-E5EC4C2F72AE}.Debug|Any CPU.Build.0 = Debug|Any CPU
		{3FE6734C-4F41-499A-8232-E5EC4C2F72AE}.Release|Any CPU.ActiveCfg = Release|Any CPU
		{3FE6734C-4F41-499A-8232-E5EC4C2F72AE}.Release|Any CPU.Build.0 = Release|Any CPU
		{7A612BE5-0C9B-448F-9313-A73B1925DCF4}.Debug|Any CPU.ActiveCfg = Debug|Any CPU
		{7A612BE5-0C9B-448F-9313-A73B1925DCF4}.Debug|Any CPU.Build.0 = Debug|Any CPU
		{7A612BE5-0C9B-448F-9313-A73B1925DCF4}.Release|Any CPU.ActiveCfg = Release|Any CPU
		{7A612BE5-0C9B-448F-9313-A73B1925DCF4}.Release|Any CPU.Build.0 = Release|Any CPU
		{AFC557C4-1811-4510-907C-3B57A302AA73}.Debug|Any CPU.ActiveCfg = Debug|Any CPU
		{AFC557C4-1811-4510-907C-3B57A302AA73}.Debug|Any CPU.Build.0 = Debug|Any CPU
		{AFC557C4-1811-4510-907C-3B57A302AA73}.Release|Any CPU.ActiveCfg = Release|Any CPU
		{AFC557C4-1811-4510-907C-3B57A302AA73}.Release|Any CPU.Build.0 = Release|Any CPU
	EndGlobalSection
	GlobalSection(SolutionProperties) = preSolution
		HideSolutionNode = FALSE
	EndGlobalSection
	GlobalSection(ExtensibilityGlobals) = postSolution
		SolutionGuid = {A02A8DAF-A5E2-4494-AEBD-54070D0A56BF}
	EndGlobalSection
EndGlobal
